
Microsoft Visual Studio Solution File, Format Version 12.00
# Visual Studio 15
VisualStudioVersion = 15.0.27703.2000
MinimumVisualStudioVersion = 10.0.40219.1
Project("{FAE04EC0-301F-11D3-BF4B-00C04F79EFBC}") = "KonohaApi", "KonohaApi\KonohaApi.csproj", "{A853C444-6CD0-4C1D-B455-208EF038F5E8}"
EndProject
Global
	GlobalSection(SolutionConfigurationPlatforms) = preSolution
		Debug|Any CPU = Debug|Any CPU
		Release|Any CPU = Release|Any CPU
	EndGlobalSection
	GlobalSection(ProjectConfigurationPlatforms) = postSolution
		{A853C444-6CD0-4C1D-B455-208EF038F5E8}.Debug|Any CPU.ActiveCfg = Debug|Any CPU
		{A853C444-6CD0-4C1D-B455-208EF038F5E8}.Debug|Any CPU.Build.0 = Debug|Any CPU
		{A853C444-6CD0-4C1D-B455-208EF038F5E8}.Release|Any CPU.ActiveCfg = Release|Any CPU
		{A853C444-6CD0-4C1D-B455-208EF038F5E8}.Release|Any CPU.Build.0 = Release|Any CPU
	EndGlobalSection
	GlobalSection(SolutionProperties) = preSolution
		HideSolutionNode = FALSE
	EndGlobalSection
	GlobalSection(ExtensibilityGlobals) = postSolution
		SolutionGuid = {75D12A6E-CBFF-4C9D-B507-6D7B86315E3B}
	EndGlobalSection
EndGlobal
